{
  "version": 4,
  "terraform_version": "1.1.6",
  "serial": 9,
  "lineage": "b1928652-155d-3798-85a3-d35998faa2b2",
  "outputs": {},
  "resources": [
    {
      "mode": "data",
      "type": "aws_availability_zones",
      "name": "available",
      "provider": "provider[\"registry.terraform.io/hashicorp/aws\"]",
      "instances": [
        {
          "schema_version": 0,
          "attributes": {
            "all_availability_zones": null,
            "exclude_names": null,
            "exclude_zone_ids": null,
            "filter": null,
            "group_names": [
              "us-east-1"
            ],
            "id": "us-east-1",
            "names": [
              "us-east-1a",
              "us-east-1b",
              "us-east-1c",
              "us-east-1d",
              "us-east-1e",
              "us-east-1f"
            ],
            "state": null,
            "zone_ids": [
              "use1-az6",
              "use1-az1",
              "use1-az2",
              "use1-az4",
              "use1-az3",
              "use1-az5"
            ]
          },
          "sensitive_attributes": []
        }
      ]
    },
    {
      "mode": "managed",
      "type": "aws_internet_gateway",
      "name": "igw",
      "provider": "provider[\"registry.terraform.io/hashicorp/aws\"]",
      "instances": [
        {
          "schema_version": 0,
          "attributes": {
            "arn": "arn:aws:ec2:us-east-1:350632585670:internet-gateway/igw-0e1f48aa6029a1610",
            "id": "igw-0e1f48aa6029a1610",
            "owner_id": "350632585670",
            "tags": {
              "Name": "igw-fiap-trabalho-final-grupo1",
              "env": "prod"
            },
            "tags_all": {
              "Name": "igw-fiap-trabalho-final-grupo1",
              "env": "prod"
            },
            "vpc_id": "vpc-0032f8fbb0a96d13f"
          },
          "sensitive_attributes": [],
          "private": "bnVsbA==",
          "dependencies": [
            "aws_vpc.vpc_created"
          ]
        }
      ]
    },
    {
      "mode": "managed",
      "type": "aws_subnet",
      "name": "public_igw",
      "provider": "provider[\"registry.terraform.io/hashicorp/aws\"]",
      "instances": [
        {
          "index_key": 0,
          "schema_version": 1,
          "attributes": {
            "arn": "arn:aws:ec2:us-east-1:350632585670:subnet/subnet-0dc78b3e47137fe17",
            "assign_ipv6_address_on_creation": false,
            "availability_zone": "us-east-1a",
            "availability_zone_id": "use1-az6",
            "cidr_block": "9.0.4.0/22",
            "customer_owned_ipv4_pool": "",
            "enable_dns64": false,
            "enable_resource_name_dns_a_record_on_launch": false,
            "enable_resource_name_dns_aaaa_record_on_launch": false,
            "id": "subnet-0dc78b3e47137fe17",
            "ipv6_cidr_block": "",
            "ipv6_cidr_block_association_id": "",
            "ipv6_native": false,
            "map_customer_owned_ip_on_launch": false,
            "map_public_ip_on_launch": true,
            "outpost_arn": "",
            "owner_id": "350632585670",
            "private_dns_hostname_type_on_launch": "ip-name",
            "tags": {
              "Name": "fiap-trabalho-final-grupo1_public_igw_us-east-1a",
              "Tier": "Public",
              "env": "prod"
            },
            "tags_all": {
              "Name": "fiap-trabalho-final-grupo1_public_igw_us-east-1a",
              "Tier": "Public",
              "env": "prod"
            },
            "timeouts": null,
            "vpc_id": "vpc-0032f8fbb0a96d13f"
          },
          "sensitive_attributes": [],
          "private": "eyJlMmJmYjczMC1lY2FhLTExZTYtOGY4OC0zNDM2M2JjN2M0YzAiOnsiY3JlYXRlIjo2MDAwMDAwMDAwMDAsImRlbGV0ZSI6MTIwMDAwMDAwMDAwMH0sInNjaGVtYV92ZXJzaW9uIjoiMSJ9",
          "dependencies": [
            "aws_vpc.vpc_created",
            "data.aws_availability_zones.available"
          ]
        },
        {
          "index_key": 1,
          "schema_version": 1,
          "attributes": {
            "arn": "arn:aws:ec2:us-east-1:350632585670:subnet/subnet-0567849fb2f246d85",
            "assign_ipv6_address_on_creation": false,
            "availability_zone": "us-east-1b",
            "availability_zone_id": "use1-az1",
            "cidr_block": "9.0.8.0/22",
            "customer_owned_ipv4_pool": "",
            "enable_dns64": false,
            "enable_resource_name_dns_a_record_on_launch": false,
            "enable_resource_name_dns_aaaa_record_on_launch": false,
            "id": "subnet-0567849fb2f246d85",
            "ipv6_cidr_block": "",
            "ipv6_cidr_block_association_id": "",
            "ipv6_native": false,
            "map_customer_owned_ip_on_launch": false,
            "map_public_ip_on_launch": true,
            "outpost_arn": "",
            "owner_id": "350632585670",
            "private_dns_hostname_type_on_launch": "ip-name",
            "tags": {
              "Name": "fiap-trabalho-final-grupo1_public_igw_us-east-1b",
              "Tier": "Public",
              "env": "prod"
            },
            "tags_all": {
              "Name": "fiap-trabalho-final-grupo1_public_igw_us-east-1b",
              "Tier": "Public",
              "env": "prod"
            },
            "timeouts": null,
            "vpc_id": "vpc-0032f8fbb0a96d13f"
          },
          "sensitive_attributes": [],
          "private": "eyJlMmJmYjczMC1lY2FhLTExZTYtOGY4OC0zNDM2M2JjN2M0YzAiOnsiY3JlYXRlIjo2MDAwMDAwMDAwMDAsImRlbGV0ZSI6MTIwMDAwMDAwMDAwMH0sInNjaGVtYV92ZXJzaW9uIjoiMSJ9",
          "dependencies": [
            "aws_vpc.vpc_created",
            "data.aws_availability_zones.available"
          ]
        },
        {
          "index_key": 2,
          "schema_version": 1,
          "attributes": {
            "arn": "arn:aws:ec2:us-east-1:350632585670:subnet/subnet-02233a87cb4f3c1d5",
            "assign_ipv6_address_on_creation": false,
            "availability_zone": "us-east-1c",
            "availability_zone_id": "use1-az2",
            "cidr_block": "9.0.12.0/22",
            "customer_owned_ipv4_pool": "",
            "enable_dns64": false,
            "enable_resource_name_dns_a_record_on_launch": false,
            "enable_resource_name_dns_aaaa_record_on_launch": false,
            "id": "subnet-02233a87cb4f3c1d5",
            "ipv6_cidr_block": "",
            "ipv6_cidr_block_association_id": "",
            "ipv6_native": false,
            "map_customer_owned_ip_on_launch": false,
            "map_public_ip_on_launch": true,
            "outpost_arn": "",
            "owner_id": "350632585670",
            "private_dns_hostname_type_on_launch": "ip-name",
            "tags": {
              "Name": "fiap-trabalho-final-grupo1_public_igw_us-east-1c",
              "Tier": "Public",
              "env": "prod"
            },
            "tags_all": {
              "Name": "fiap-trabalho-final-grupo1_public_igw_us-east-1c",
              "Tier": "Public",
              "env": "prod"
            },
            "timeouts": null,
            "vpc_id": "vpc-0032f8fbb0a96d13f"
          },
          "sensitive_attributes": [],
          "private": "eyJlMmJmYjczMC1lY2FhLTExZTYtOGY4OC0zNDM2M2JjN2M0YzAiOnsiY3JlYXRlIjo2MDAwMDAwMDAwMDAsImRlbGV0ZSI6MTIwMDAwMDAwMDAwMH0sInNjaGVtYV92ZXJzaW9uIjoiMSJ9",
          "dependencies": [
            "aws_vpc.vpc_created",
            "data.aws_availability_zones.available"
          ]
        },
        {
          "index_key": 3,
          "schema_version": 1,
          "attributes": {
            "arn": "arn:aws:ec2:us-east-1:350632585670:subnet/subnet-015b8f45054ca333a",
            "assign_ipv6_address_on_creation": false,
            "availability_zone": "us-east-1d",
            "availability_zone_id": "use1-az4",
            "cidr_block": "9.0.16.0/22",
            "customer_owned_ipv4_pool": "",
            "enable_dns64": false,
            "enable_resource_name_dns_a_record_on_launch": false,
            "enable_resource_name_dns_aaaa_record_on_launch": false,
            "id": "subnet-015b8f45054ca333a",
            "ipv6_cidr_block": "",
            "ipv6_cidr_block_association_id": "",
            "ipv6_native": false,
            "map_customer_owned_ip_on_launch": false,
            "map_public_ip_on_launch": true,
            "outpost_arn": "",
            "owner_id": "350632585670",
            "private_dns_hostname_type_on_launch": "ip-name",
            "tags": {
              "Name": "fiap-trabalho-final-grupo1_public_igw_us-east-1d",
              "Tier": "Public",
              "env": "prod"
            },
            "tags_all": {
              "Name": "fiap-trabalho-final-grupo1_public_igw_us-east-1d",
              "Tier": "Public",
              "env": "prod"
            },
            "timeouts": null,
            "vpc_id": "vpc-0032f8fbb0a96d13f"
          },
          "sensitive_attributes": [],
          "private": "eyJlMmJmYjczMC1lY2FhLTExZTYtOGY4OC0zNDM2M2JjN2M0YzAiOnsiY3JlYXRlIjo2MDAwMDAwMDAwMDAsImRlbGV0ZSI6MTIwMDAwMDAwMDAwMH0sInNjaGVtYV92ZXJzaW9uIjoiMSJ9",
          "dependencies": [
            "aws_vpc.vpc_created",
            "data.aws_availability_zones.available"
          ]
        },
        {
          "index_key": 4,
          "schema_version": 1,
          "attributes": {
            "arn": "arn:aws:ec2:us-east-1:350632585670:subnet/subnet-0d0469f41be471710",
            "assign_ipv6_address_on_creation": false,
            "availability_zone": "us-east-1e",
            "availability_zone_id": "use1-az3",
            "cidr_block": "9.0.20.0/22",
            "customer_owned_ipv4_pool": "",
            "enable_dns64": false,
            "enable_resource_name_dns_a_record_on_launch": false,
            "enable_resource_name_dns_aaaa_record_on_launch": false,
            "id": "subnet-0d0469f41be471710",
            "ipv6_cidr_block": "",
            "ipv6_cidr_block_association_id": "",
            "ipv6_native": false,
            "map_customer_owned_ip_on_launch": false,
            "map_public_ip_on_launch": true,
            "outpost_arn": "",
            "owner_id": "350632585670",
            "private_dns_hostname_type_on_launch": "ip-name",
            "tags": {
              "Name": "fiap-trabalho-final-grupo1_public_igw_us-east-1e",
              "Tier": "Public",
              "env": "prod"
            },
            "tags_all": {
              "Name": "fiap-trabalho-final-grupo1_public_igw_us-east-1e",
              "Tier": "Public",
              "env": "prod"
            },
            "timeouts": null,
            "vpc_id": "vpc-0032f8fbb0a96d13f"
          },
          "sensitive_attributes": [],
          "private": "eyJlMmJmYjczMC1lY2FhLTExZTYtOGY4OC0zNDM2M2JjN2M0YzAiOnsiY3JlYXRlIjo2MDAwMDAwMDAwMDAsImRlbGV0ZSI6MTIwMDAwMDAwMDAwMH0sInNjaGVtYV92ZXJzaW9uIjoiMSJ9",
          "dependencies": [
            "aws_vpc.vpc_created",
            "data.aws_availability_zones.available"
          ]
        },
        {
          "index_key": 5,
          "schema_version": 1,
          "attributes": {
            "arn": "arn:aws:ec2:us-east-1:350632585670:subnet/subnet-02058fbb05acf74e9",
            "assign_ipv6_address_on_creation": false,
            "availability_zone": "us-east-1f",
            "availability_zone_id": "use1-az5",
            "cidr_block": "9.0.24.0/22",
            "customer_owned_ipv4_pool": "",
            "enable_dns64": false,
            "enable_resource_name_dns_a_record_on_launch": false,
            "enable_resource_name_dns_aaaa_record_on_launch": false,
            "id": "subnet-02058fbb05acf74e9",
            "ipv6_cidr_block": "",
            "ipv6_cidr_block_association_id": "",
            "ipv6_native": false,
            "map_customer_owned_ip_on_launch": false,
            "map_public_ip_on_launch": true,
            "outpost_arn": "",
            "owner_id": "350632585670",
            "private_dns_hostname_type_on_launch": "ip-name",
            "tags": {
              "Name": "fiap-trabalho-final-grupo1_public_igw_us-east-1f",
              "Tier": "Public",
              "env": "prod"
            },
            "tags_all": {
              "Name": "fiap-trabalho-final-grupo1_public_igw_us-east-1f",
              "Tier": "Public",
              "env": "prod"
            },
            "timeouts": null,
            "vpc_id": "vpc-0032f8fbb0a96d13f"
          },
          "sensitive_attributes": [],
          "private": "eyJlMmJmYjczMC1lY2FhLTExZTYtOGY4OC0zNDM2M2JjN2M0YzAiOnsiY3JlYXRlIjo2MDAwMDAwMDAwMDAsImRlbGV0ZSI6MTIwMDAwMDAwMDAwMH0sInNjaGVtYV92ZXJzaW9uIjoiMSJ9",
          "dependencies": [
            "aws_vpc.vpc_created",
            "data.aws_availability_zones.available"
          ]
        }
      ]
    },
    {
      "mode": "managed",
      "type": "aws_vpc",
      "name": "vpc_created",
      "provider": "provider[\"registry.terraform.io/hashicorp/aws\"]",
      "instances": [
        {
          "schema_version": 1,
          "attributes": {
            "arn": "arn:aws:ec2:us-east-1:350632585670:vpc/vpc-0032f8fbb0a96d13f",
            "assign_generated_ipv6_cidr_block": false,
            "cidr_block": "9.0.0.0/16",
            "default_network_acl_id": "acl-01a32efcafc78930b",
            "default_route_table_id": "rtb-0277395780f42e72a",
            "default_security_group_id": "sg-0ffbb312eb9b13864",
            "dhcp_options_id": "dopt-0d97df3fc12c6ccf1",
            "enable_classiclink": false,
            "enable_classiclink_dns_support": false,
            "enable_dns_hostnames": true,
            "enable_dns_support": true,
            "id": "vpc-0032f8fbb0a96d13f",
            "instance_tenancy": "default",
            "ipv4_ipam_pool_id": null,
            "ipv4_netmask_length": null,
            "ipv6_association_id": "",
            "ipv6_cidr_block": "",
            "ipv6_cidr_block_network_border_group": "",
            "ipv6_ipam_pool_id": "",
            "ipv6_netmask_length": 0,
            "main_route_table_id": "rtb-0277395780f42e72a",
            "owner_id": "350632585670",
            "tags": {
              "Name": "fiap-trabalho-final-grupo1",
              "env": "prod"
            },
            "tags_all": {
              "Name": "fiap-trabalho-final-grupo1",
              "env": "prod"
            }
          },
          "sensitive_attributes": [],
          "private": "eyJzY2hlbWFfdmVyc2lvbiI6IjEifQ=="
        }
      ]
    }
  ]
}
